
Microsoft Visual Studio Solution File, Format Version 12.00
# Visual Studio Version 17
VisualStudioVersion = 17.5.33530.505
MinimumVisualStudioVersion = 10.0.40219.1
Project("{9A19103F-16F7-4668-BE54-9A1E7A4F7556}") = "UI", "UI\UI.csproj", "{3D9709B8-BC55-49A6-B74A-EE8089A27BC3}"
EndProject
Project("{9A19103F-16F7-4668-BE54-9A1E7A4F7556}") = "BusinessLogic", "BusinessLogic\BusinessLogic.csproj", "{55BEED64-F91D-4E48-A946-A58B5916D3C9}"
EndProject
Project("{FAE04EC0-301F-11D3-BF4B-00C04F79EFBC}") = "UnitTests", "UnitTests\UnitTests.csproj", "{F540ED34-B373-47E8-B9AB-BA5529E3B728}"
EndProject
Global
	GlobalSection(SolutionConfigurationPlatforms) = preSolution
		Debug|Any CPU = Debug|Any CPU
		Release|Any CPU = Release|Any CPU
	EndGlobalSection
	GlobalSection(ProjectConfigurationPlatforms) = postSolution
		{3D9709B8-BC55-49A6-B74A-EE8089A27BC3}.Debug|Any CPU.ActiveCfg = Debug|Any CPU
		{3D9709B8-BC55-49A6-B74A-EE8089A27BC3}.Debug|Any CPU.Build.0 = Debug|Any CPU
		{3D9709B8-BC55-49A6-B74A-EE8089A27BC3}.Release|Any CPU.ActiveCfg = Release|Any CPU
		{3D9709B8-BC55-49A6-B74A-EE8089A27BC3}.Release|Any CPU.Build.0 = Release|Any CPU
		{55BEED64-F91D-4E48-A946-A58B5916D3C9}.Debug|Any CPU.ActiveCfg = Debug|Any CPU
		{55BEED64-F91D-4E48-A946-A58B5916D3C9}.Debug|Any CPU.Build.0 = Debug|Any CPU
		{55BEED64-F91D-4E48-A946-A58B5916D3C9}.Release|Any CPU.ActiveCfg = Release|Any CPU
		{55BEED64-F91D-4E48-A946-A58B5916D3C9}.Release|Any CPU.Build.0 = Release|Any CPU
		{F540ED34-B373-47E8-B9AB-BA5529E3B728}.Debug|Any CPU.ActiveCfg = Debug|Any CPU
		{F540ED34-B373-47E8-B9AB-BA5529E3B728}.Debug|Any CPU.Build.0 = Debug|Any CPU
		{F540ED34-B373-47E8-B9AB-BA5529E3B728}.Release|Any CPU.ActiveCfg = Release|Any CPU
		{F540ED34-B373-47E8-B9AB-BA5529E3B728}.Release|Any CPU.Build.0 = Release|Any CPU
	EndGlobalSection
	GlobalSection(SolutionProperties) = preSolution
		HideSolutionNode = FALSE
	EndGlobalSection
	GlobalSection(ExtensibilityGlobals) = postSolution
		SolutionGuid = {AD7B67F9-A14A-423D-83D0-D4A7C93A1A3E}
	EndGlobalSection
EndGlobal
